// !$*UTF8*$!
{
	archiveVersion = 1;
	classes = {
	};
	objectVersion = 77;
	objects = {

/* Begin PBXContainerItemProxy section */
		3482D4282D4E0C410050E72C /* PBXContainerItemProxy */ = {
			isa = PBXContainerItemProxy;
			containerPortal = 3482D40F2D4E0C3D0050E72C /* Project object */;
			proxyType = 1;
			remoteGlobalIDString = 3482D4162D4E0C3D0050E72C;
			remoteInfo = ReKeeper;
		};
		3482D4322D4E0C410050E72C /* PBXContainerItemProxy */ = {
			isa = PBXContainerItemProxy;
			containerPortal = 3482D40F2D4E0C3D0050E72C /* Project object */;
			proxyType = 1;
			remoteGlobalIDString = 3482D4162D4E0C3D0050E72C;
			remoteInfo = ReKeeper;
		};
/* End PBXContainerItemProxy section */

/* Begin PBXFileReference section */
		3482D4172D4E0C3E0050E72C /* ReKeeper.app */ = {isa = PBXFileReference; explicitFileType = wrapper.application; includeInIndex = 0; path = ReKeeper.app; sourceTree = BUILT_PRODUCTS_DIR; };
		3482D4272D4E0C410050E72C /* ReKeeperTests.xctest */ = {isa = PBXFileReference; explicitFileType = wrapper.cfbundle; includeInIndex = 0; path = ReKeeperTests.xctest; sourceTree = BUILT_PRODUCTS_DIR; };
		3482D4312D4E0C410050E72C /* ReKeeperUITests.xctest */ = {isa = PBXFileReference; explicitFileType = wrapper.cfbundle; includeInIndex = 0; path = ReKeeperUITests.xctest; sourceTree = BUILT_PRODUCTS_DIR; };
/* End PBXFileReference section */

/* Begin PBXFileSystemSynchronizedRootGroup section */
		3482D4192D4E0C3E0050E72C /* ReKeeper */ = {
			isa = PBXFileSystemSynchronizedRootGroup;
			path = ReKeeper;
			sourceTree = "<group>";
		};
		3482D42A2D4E0C410050E72C /* ReKeeperTests */ = {
			isa = PBXFileSystemSynchronizedRootGroup;
			path = ReKeeperTests;
			sourceTree = "<group>";
		};
		3482D4342D4E0C410050E72C /* ReKeeperUITests */ = {
			isa = PBXFileSystemSynchronizedRootGroup;
			path = ReKeeperUITests;
			sourceTree = "<group>";
		};
/* End PBXFileSystemSynchronizedRootGroup section */

/* Begin PBXFrameworksBuildPhase section */
		3482D4142D4E0C3D0050E72C /* Frameworks */ = {
			isa = PBXFrameworksBuildPhase;
			buildActionMask = 2147483647;
			files = (
			);
			runOnlyForDeploymentPostprocessing = 0;
		};
		3482D4242D4E0C410050E72C /* Frameworks */ = {
			isa = PBXFrameworksBuildPhase;
			buildActionMask = 2147483647;
			files = (
			);
			runOnlyForDeploymentPostprocessing = 0;
		};
		3482D42E2D4E0C410050E72C /* Frameworks */ = {
			isa = PBXFrameworksBuildPhase;
			buildActionMask = 2147483647;
			files = (
			);
			runOnlyForDeploymentPostprocessing = 0;
		};
/* End PBXFrameworksBuildPhase section */

/* Begin PBXGroup section */
		3482D40E2D4E0C3D0050E72C = {
			isa = PBXGroup;
			children = (
				3482D4192D4E0C3E0050E72C /* ReKeeper */,
				3482D42A2D4E0C410050E72C /* ReKeeperTests */,
				3482D4342D4E0C410050E72C /* ReKeeperUITests */,
				3482D4182D4E0C3E0050E72C /* Products */,
			);
			sourceTree = "<group>";
		};
		3482D4182D4E0C3E0050E72C /* Products */ = {
			isa = PBXGroup;
			children = (
				3482D4172D4E0C3E0050E72C /* ReKeeper.app */,
				3482D4272D4E0C410050E72C /* ReKeeperTests.xctest */,
				3482D4312D4E0C410050E72C /* ReKeeperUITests.xctest */,
			);
			name = Products;
			sourceTree = "<group>";
		};
/* End PBXGroup section */

/* Begin PBXNativeTarget section */
		3482D4162D4E0C3D0050E72C /* ReKeeper */ = {
			isa = PBXNativeTarget;
			buildConfigurationList = 3482D43B2D4E0C410050E72C /* Build configuration list for PBXNativeTarget "ReKeeper" */;
			buildPhases = (
				3482D4132D4E0C3D0050E72C /* Sources */,
				3482D4142D4E0C3D0050E72C /* Frameworks */,
				3482D4152D4E0C3D0050E72C /* Resources */,
			);
			buildRules = (
			);
			dependencies = (
			);
			fileSystemSynchronizedGroups = (
				3482D4192D4E0C3E0050E72C /* ReKeeper */,
			);
			name = ReKeeper;
			packageProductDependencies = (
			);
			productName = ReKeeper;
			productReference = 3482D4172D4E0C3E0050E72C /* ReKeeper.app */;
			productType = "com.apple.product-type.application";
		};
		3482D4262D4E0C410050E72C /* ReKeeperTests */ = {
			isa = PBXNativeTarget;
			buildConfigurationList = 3482D43E2D4E0C410050E72C /* Build configuration list for PBXNativeTarget "ReKeeperTests" */;
			buildPhases = (
				3482D4232D4E0C410050E72C /* Sources */,
				3482D4242D4E0C410050E72C /* Frameworks */,
				3482D4252D4E0C410050E72C /* Resources */,
			);
			buildRules = (
			);
			dependencies = (
				3482D4292D4E0C410050E72C /* PBXTargetDependency */,
			);
			fileSystemSynchronizedGroups = (
				3482D42A2D4E0C410050E72C /* ReKeeperTests */,
			);
			name = ReKeeperTests;
			packageProductDependencies = (
			);
			productName = ReKeeperTests;
			productReference = 3482D4272D4E0C410050E72C /* ReKeeperTests.xctest */;
			productType = "com.apple.product-type.bundle.unit-test";
		};
		3482D4302D4E0C410050E72C /* ReKeeperUITests */ = {
			isa = PBXNativeTarget;
			buildConfigurationList = 3482D4412D4E0C410050E72C /* Build configuration list for PBXNativeTarget "ReKeeperUITests" */;
			buildPhases = (
				3482D42D2D4E0C410050E72C /* Sources */,
				3482D42E2D4E0C410050E72C /* Frameworks */,
				3482D42F2D4E0C410050E72C /* Resources */,
			);
			buildRules = (
			);
			dependencies = (
				3482D4332D4E0C410050E72C /* PBXTargetDependency */,
			);
			fileSystemSynchronizedGroups = (
				3482D4342D4E0C410050E72C /* ReKeeperUITests */,
			);
			name = ReKeeperUITests;
			packageProductDependencies = (
			);
			productName = ReKeeperUITests;
			productReference = 3482D4312D4E0C410050E72C /* ReKeeperUITests.xctest */;
			productType = "com.apple.product-type.bundle.ui-testing";
		};
/* End PBXNativeTarget section */

/* Begin PBXProject section */
		3482D40F2D4E0C3D0050E72C /* Project object */ = {
			isa = PBXProject;
			attributes = {
				BuildIndependentTargetsInParallel = 1;
				LastSwiftUpdateCheck = 1610;
				LastUpgradeCheck = 1610;
				TargetAttributes = {
					3482D4162D4E0C3D0050E72C = {
						CreatedOnToolsVersion = 16.1;
					};
					3482D4262D4E0C410050E72C = {
						CreatedOnToolsVersion = 16.1;
						TestTargetID = 3482D4162D4E0C3D0050E72C;
					};
					3482D4302D4E0C410050E72C = {
						CreatedOnToolsVersion = 16.1;
						TestTargetID = 3482D4162D4E0C3D0050E72C;
					};
				};
			};
			buildConfigurationList = 3482D4122D4E0C3D0050E72C /* Build configuration list for PBXProject "ReKeeper" */;
			developmentRegion = en;
			hasScannedForEncodings = 0;
			knownRegions = (
				en,
				Base,
			);
			mainGroup = 3482D40E2D4E0C3D0050E72C;
			minimizedProjectReferenceProxies = 1;
			preferredProjectObjectVersion = 77;
			productRefGroup = 3482D4182D4E0C3E0050E72C /* Products */;
			projectDirPath = "";
			projectRoot = "";
			targets = (
				3482D4162D4E0C3D0050E72C /* ReKeeper */,
				3482D4262D4E0C410050E72C /* ReKeeperTests */,
				3482D4302D4E0C410050E72C /* ReKeeperUITests */,
			);
		};
/* End PBXProject section */

/* Begin PBXResourcesBuildPhase section */
		3482D4152D4E0C3D0050E72C /* Resources */ = {
			isa = PBXResourcesBuildPhase;
			buildActionMask = 2147483647;
			files = (
			);
			runOnlyForDeploymentPostprocessing = 0;
		};
		3482D4252D4E0C410050E72C /* Resources */ = {
			isa = PBXResourcesBuildPhase;
			buildActionMask = 2147483647;
			files = (
			);
			runOnlyForDeploymentPostprocessing = 0;
		};
		3482D42F2D4E0C410050E72C /* Resources */ = {
			isa = PBXResourcesBuildPhase;
			buildActionMask = 2147483647;
			files = (
			);
			runOnlyForDeploymentPostprocessing = 0;
		};
/* End PBXResourcesBuildPhase section */

/* Begin PBXSourcesBuildPhase section */
		3482D4132D4E0C3D0050E72C /* Sources */ = {
			isa = PBXSourcesBuildPhase;
			buildActionMask = 2147483647;
			files = (
			);
			runOnlyForDeploymentPostprocessing = 0;
		};
		3482D4232D4E0C410050E72C /* Sources */ = {
			isa = PBXSourcesBuildPhase;
			buildActionMask = 2147483647;
			files = (
			);
			runOnlyForDeploymentPostprocessing = 0;
		};
		3482D42D2D4E0C410050E72C /* Sources */ = {
			isa = PBXSourcesBuildPhase;
			buildActionMask = 2147483647;
			files = (
			);
			runOnlyForDeploymentPostprocessing = 0;
		};
/* End PBXSourcesBuildPhase section */

/* Begin PBXTargetDependency section */
		3482D4292D4E0C410050E72C /* PBXTargetDependency */ = {
			isa = PBXTargetDependency;
			target = 3482D4162D4E0C3D0050E72C /* ReKeeper */;
			targetProxy = 3482D4282D4E0C410050E72C /* PBXContainerItemProxy */;
		};
		3482D4332D4E0C410050E72C /* PBXTargetDependency */ = {
			isa = PBXTargetDependency;
			target = 3482D4162D4E0C3D0050E72C /* ReKeeper */;
			targetProxy = 3482D4322D4E0C410050E72C /* PBXContainerItemProxy */;
		};
/* End PBXTargetDependency section */

/* Begin XCBuildConfiguration section */
		3482D4392D4E0C410050E72C /* Debug */ = {
			isa = XCBuildConfiguration;
			buildSettings = {
				ALWAYS_SEARCH_USER_PATHS = NO;
				ASSETCATALOG_COMPILER_GENERATE_SWIFT_ASSET_SYMBOL_EXTENSIONS = YES;
				CLANG_ANALYZER_NONNULL = YES;
				CLANG_ANALYZER_NUMBER_OBJECT_CONVERSION = YES_AGGRESSIVE;
				CLANG_CXX_LANGUAGE_STANDARD = "gnu++20";
				CLANG_ENABLE_MODULES = YES;
				CLANG_ENABLE_OBJC_ARC = YES;
				CLANG_ENABLE_OBJC_WEAK = YES;
				CLANG_WARN_BLOCK_CAPTURE_AUTORELEASING = YES;
				CLANG_WARN_BOOL_CONVERSION = YES;
				CLANG_WARN_COMMA = YES;
				CLANG_WARN_CONSTANT_CONVERSION = YES;
				CLANG_WARN_DEPRECATED_OBJC_IMPLEMENTATIONS = YES;
				CLANG_WARN_DIRECT_OBJC_ISA_USAGE = YES_ERROR;
				CLANG_WARN_DOCUMENTATION_COMMENTS = YES;
				CLANG_WARN_EMPTY_BODY = YES;
				CLANG_WARN_ENUM_CONVERSION = YES;
				CLANG_WARN_INFINITE_RECURSION = YES;
				CLANG_WARN_INT_CONVERSION = YES;
				CLANG_WARN_NON_LITERAL_NULL_CONVERSION = YES;
				CLANG_WARN_OBJC_IMPLICIT_RETAIN_SELF = YES;
				CLANG_WARN_OBJC_LITERAL_CONVERSION = YES;
				CLANG_WARN_OBJC_ROOT_CLASS = YES_ERROR;
				CLANG_WARN_QUOTED_INCLUDE_IN_FRAMEWORK_HEADER = YES;
				CLANG_WARN_RANGE_LOOP_ANALYSIS = YES;
				CLANG_WARN_STRICT_PROTOTYPES = YES;
				CLANG_WARN_SUSPICIOUS_MOVE = YES;
				CLANG_WARN_UNGUARDED_AVAILABILITY = YES_AGGRESSIVE;
				CLANG_WARN_UNREACHABLE_CODE = YES;
				CLANG_WARN__DUPLICATE_METHOD_MATCH = YES;
				COPY_PHASE_STRIP = NO;
				DEBUG_INFORMATION_FORMAT = dwarf;
				ENABLE_STRICT_OBJC_MSGSEND = YES;
				ENABLE_TESTABILITY = YES;
				ENABLE_USER_SCRIPT_SANDBOXING = YES;
				GCC_C_LANGUAGE_STANDARD = gnu17;
				GCC_DYNAMIC_NO_PIC = NO;
				GCC_NO_COMMON_BLOCKS = YES;
				GCC_OPTIMIZATION_LEVEL = 0;
				GCC_PREPROCESSOR_DEFINITIONS = (
					"DEBUG=1",
					"$(inherited)",
				);
				GCC_WARN_64_TO_32_BIT_CONVERSION = YES;
				GCC_WARN_ABOUT_RETURN_TYPE = YES_ERROR;
				GCC_WARN_UNDECLARED_SELECTOR = YES;
				GCC_WARN_UNINITIALIZED_AUTOS = YES_AGGRESSIVE;
				GCC_WARN_UNUSED_FUNCTION = YES;
				GCC_WARN_UNUSED_VARIABLE = YES;
				IPHONEOS_DEPLOYMENT_TARGET = 18.1;
				LOCALIZATION_PREFERS_STRING_CATALOGS = YES;
				MTL_ENABLE_DEBUG_INFO = INCLUDE_SOURCE;
				MTL_FAST_MATH = YES;
				ONLY_ACTIVE_ARCH = YES;
				SDKROOT = iphoneos;
				SWIFT_ACTIVE_COMPILATION_CONDITIONS = "DEBUG $(inherited)";
				SWIFT_OPTIMIZATION_LEVEL = "-Onone";
			};
			name = Debug;
		};
		3482D43A2D4E0C410050E72C /* Release */ = {
			isa = XCBuildConfiguration;
			buildSettings = {
				ALWAYS_SEARCH_USER_PATHS = NO;
				ASSETCATALOG_COMPILER_GENERATE_SWIFT_ASSET_SYMBOL_EXTENSIONS = YES;
				CLANG_ANALYZER_NONNULL = YES;
				CLANG_ANALYZER_NUMBER_OBJECT_CONVERSION = YES_AGGRESSIVE;
				CLANG_CXX_LANGUAGE_STANDARD = "gnu++20";
				CLANG_ENABLE_MODULES = YES;
				CLANG_ENABLE_OBJC_ARC = YES;
				CLANG_ENABLE_OBJC_WEAK = YES;
				CLANG_WARN_BLOCK_CAPTURE_AUTORELEASING = YES;
				CLANG_WARN_BOOL_CONVERSION = YES;
				CLANG_WARN_COMMA = YES;
				CLANG_WARN_CONSTANT_CONVERSION = YES;
				CLANG_WARN_DEPRECATED_OBJC_IMPLEMENTATIONS = YES;
				CLANG_WARN_DIRECT_OBJC_ISA_USAGE = YES_ERROR;
				CLANG_WARN_DOCUMENTATION_COMMENTS = YES;
				CLANG_WARN_EMPTY_BODY = YES;
				CLANG_WARN_ENUM_CONVERSION = YES;
				CLANG_WARN_INFINITE_RECURSION = YES;
				CLANG_WARN_INT_CONVERSION = YES;
				CLANG_WARN_NON_LITERAL_NULL_CONVERSION = YES;
				CLANG_WARN_OBJC_IMPLICIT_RETAIN_SELF = YES;
				CLANG_WARN_OBJC_LITERAL_CONVERSION = YES;
				CLANG_WARN_OBJC_ROOT_CLASS = YES_ERROR;
				CLANG_WARN_QUOTED_INCLUDE_IN_FRAMEWORK_HEADER = YES;
				CLANG_WARN_RANGE_LOOP_ANALYSIS = YES;
				CLANG_WARN_STRICT_PROTOTYPES = YES;
				CLANG_WARN_SUSPICIOUS_MOVE = YES;
				CLANG_WARN_UNGUARDED_AVAILABILITY = YES_AGGRESSIVE;
				CLANG_WARN_UNREACHABLE_CODE = YES;
				CLANG_WARN__DUPLICATE_METHOD_MATCH = YES;
				COPY_PHASE_STRIP = NO;
				DEBUG_INFORMATION_FORMAT = "dwarf-with-dsym";
				ENABLE_NS_ASSERTIONS = NO;
				ENABLE_STRICT_OBJC_MSGSEND = YES;
				ENABLE_USER_SCRIPT_SANDBOXING = YES;
				GCC_C_LANGUAGE_STANDARD = gnu17;
				GCC_NO_COMMON_BLOCKS = YES;
				GCC_WARN_64_TO_32_BIT_CONVERSION = YES;
				GCC_WARN_ABOUT_RETURN_TYPE = YES_ERROR;
				GCC_WARN_UNDECLARED_SELECTOR = YES;
				GCC_WARN_UNINITIALIZED_AUTOS = YES_AGGRESSIVE;
				GCC_WARN_UNUSED_FUNCTION = YES;
				GCC_WARN_UNUSED_VARIABLE = YES;
				IPHONEOS_DEPLOYMENT_TARGET = 18.1;
				LOCALIZATION_PREFERS_STRING_CATALOGS = YES;
				MTL_ENABLE_DEBUG_INFO = NO;
				MTL_FAST_MATH = YES;
				SDKROOT = iphoneos;
				SWIFT_COMPILATION_MODE = wholemodule;
				VALIDATE_PRODUCT = YES;
			};
			name = Release;
		};
		3482D43C2D4E0C410050E72C /* Debug */ = {
			isa = XCBuildConfiguration;
			buildSettings = {
				ASSETCATALOG_COMPILER_APPICON_NAME = AppIcon;
				ASSETCATALOG_COMPILER_GLOBAL_ACCENT_COLOR_NAME = AccentColor;
				CODE_SIGN_STYLE = Automatic;
				CURRENT_PROJECT_VERSION = 1;
				DEVELOPMENT_ASSET_PATHS = "\"ReKeeper/Preview Content\"";
				DEVELOPMENT_TEAM = 9KQTUJV8FH;
				ENABLE_PREVIEWS = YES;
				GENERATE_INFOPLIST_FILE = YES;
				INFOPLIST_KEY_UIApplicationSceneManifest_Generation = YES;
				INFOPLIST_KEY_UIApplicationSupportsIndirectInputEvents = YES;
				INFOPLIST_KEY_UILaunchScreen_Generation = YES;
				INFOPLIST_KEY_UISupportedInterfaceOrientations_iPad = "UIInterfaceOrientationPortrait UIInterfaceOrientationPortraitUpsideDown UIInterfaceOrientationLandscapeLeft UIInterfaceOrientationLandscapeRight";
				INFOPLIST_KEY_UISupportedInterfaceOrientations_iPhone = "UIInterfaceOrientationPortrait UIInterfaceOrientationLandscapeLeft UIInterfaceOrientationLandscapeRight";
				LD_RUNPATH_SEARCH_PATHS = (
					"$(inherited)",
					"@executable_path/Frameworks",
				);
				MARKETING_VERSION = 1.0;
				PRODUCT_BUNDLE_IDENTIFIER = sittha.ReKeeper;
				PRODUCT_NAME = "$(TARGET_NAME)";
				SWIFT_EMIT_LOC_STRINGS = YES;
				SWIFT_VERSION = 5.0;
				TARGETED_DEVICE_FAMILY = "1,2";
			};
			name = Debug;
		};
		3482D43D2D4E0C410050E72C /* Release */ = {
			isa = XCBuildConfiguration;
			buildSettings = {
				ASSETCATALOG_COMPILER_APPICON_NAME = AppIcon;
				ASSETCATALOG_COMPILER_GLOBAL_ACCENT_COLOR_NAME = AccentColor;
				CODE_SIGN_STYLE = Automatic;
				CURRENT_PROJECT_VERSION = 1;
				DEVELOPMENT_ASSET_PATHS = "\"ReKeeper/Preview Content\"";
				DEVELOPMENT_TEAM = 9KQTUJV8FH;
				ENABLE_PREVIEWS = YES;
				GENERATE_INFOPLIST_FILE = YES;
				INFOPLIST_KEY_UIApplicationSceneManifest_Generation = YES;
				INFOPLIST_KEY_UIApplicationSupportsIndirectInputEvents = YES;
				INFOPLIST_KEY_UILaunchScreen_Generation = YES;
				INFOPLIST_KEY_UISupportedInterfaceOrientations_iPad = "UIInterfaceOrientationPortrait UIInterfaceOrientationPortraitUpsideDown UIInterfaceOrientationLandscapeLeft UIInterfaceOrientationLandscapeRight";
				INFOPLIST_KEY_UISupportedInterfaceOrientations_iPhone = "UIInterfaceOrientationPortrait UIInterfaceOrientationLandscapeLeft UIInterfaceOrientationLandscapeRight";
				LD_RUNPATH_SEARCH_PATHS = (
					"$(inherited)",
					"@executable_path/Frameworks",
				);
				MARKETING_VERSION = 1.0;
				PRODUCT_BUNDLE_IDENTIFIER = sittha.ReKeeper;
				PRODUCT_NAME = "$(TARGET_NAME)";
				SWIFT_EMIT_LOC_STRINGS = YES;
				SWIFT_VERSION = 5.0;
				TARGETED_DEVICE_FAMILY = "1,2";
			};
			name = Release;
		};
		3482D43F2D4E0C410050E72C /* Debug */ = {
			isa = XCBuildConfiguration;
			buildSettings = {
				BUNDLE_LOADER = "$(TEST_HOST)";
				CODE_SIGN_STYLE = Automatic;
				CURRENT_PROJECT_VERSION = 1;
				DEVELOPMENT_TEAM = 9KQTUJV8FH;
				GENERATE_INFOPLIST_FILE = YES;
				IPHONEOS_DEPLOYMENT_TARGET = 18.1;
				MARKETING_VERSION = 1.0;
				PRODUCT_BUNDLE_IDENTIFIER = sittha.ReKeeperTests;
				PRODUCT_NAME = "$(TARGET_NAME)";
				SWIFT_EMIT_LOC_STRINGS = NO;
				SWIFT_VERSION = 5.0;
				TARGETED_DEVICE_FAMILY = "1,2";
				TEST_HOST = "$(BUILT_PRODUCTS_DIR)/ReKeeper.app/$(BUNDLE_EXECUTABLE_FOLDER_PATH)/ReKeeper";
			};
			name = Debug;
		};
		3482D4402D4E0C410050E72C /* Release */ = {
			isa = XCBuildConfiguration;
			buildSettings = {
				BUNDLE_LOADER = "$(TEST_HOST)";
				CODE_SIGN_STYLE = Automatic;
				CURRENT_PROJECT_VERSION = 1;
				DEVELOPMENT_TEAM = 9KQTUJV8FH;
				GENERATE_INFOPLIST_FILE = YES;
				IPHONEOS_DEPLOYMENT_TARGET = 18.1;
				MARKETING_VERSION = 1.0;
				PRODUCT_BUNDLE_IDENTIFIER = sittha.ReKeeperTests;
				PRODUCT_NAME = "$(TARGET_NAME)";
				SWIFT_EMIT_LOC_STRINGS = NO;
				SWIFT_VERSION = 5.0;
				TARGETED_DEVICE_FAMILY = "1,2";
				TEST_HOST = "$(BUILT_PRODUCTS_DIR)/ReKeeper.app/$(BUNDLE_EXECUTABLE_FOLDER_PATH)/ReKeeper";
			};
			name = Release;
		};
		3482D4422D4E0C410050E72C /* Debug */ = {
			isa = XCBuildConfiguration;
			buildSettings = {
				CODE_SIGN_STYLE = Automatic;
				CURRENT_PROJECT_VERSION = 1;
				DEVELOPMENT_TEAM = 9KQTUJV8FH;
				GENERATE_INFOPLIST_FILE = YES;
				MARKETING_VERSION = 1.0;
				PRODUCT_BUNDLE_IDENTIFIER = sittha.ReKeeperUITests;
				PRODUCT_NAME = "$(TARGET_NAME)";
				SWIFT_EMIT_LOC_STRINGS = NO;
				SWIFT_VERSION = 5.0;
				TARGETED_DEVICE_FAMILY = "1,2";
				TEST_TARGET_NAME = ReKeeper;
			};
			name = Debug;
		};
		3482D4432D4E0C410050E72C /* Release */ = {
			isa = XCBuildConfiguration;
			buildSettings = {
				CODE_SIGN_STYLE = Automatic;
				CURRENT_PROJECT_VERSION = 1;
				DEVELOPMENT_TEAM = 9KQTUJV8FH;
				GENERATE_INFOPLIST_FILE = YES;
				MARKETING_VERSION = 1.0;
				PRODUCT_BUNDLE_IDENTIFIER = sittha.ReKeeperUITests;
				PRODUCT_NAME = "$(TARGET_NAME)";
				SWIFT_EMIT_LOC_STRINGS = NO;
				SWIFT_VERSION = 5.0;
				TARGETED_DEVICE_FAMILY = "1,2";
				TEST_TARGET_NAME = ReKeeper;
			};
			name = Release;
		};
/* End XCBuildConfiguration section */

/* Begin XCConfigurationList section */
		3482D4122D4E0C3D0050E72C /* Build configuration list for PBXProject "ReKeeper" */ = {
			isa = XCConfigurationList;
			buildConfigurations = (
				3482D4392D4E0C410050E72C /* Debug */,
				3482D43A2D4E0C410050E72C /* Release */,
			);
			defaultConfigurationIsVisible = 0;
			defaultConfigurationName = Release;
		};
		3482D43B2D4E0C410050E72C /* Build configuration list for PBXNativeTarget "ReKeeper" */ = {
			isa = XCConfigurationList;
			buildConfigurations = (
				3482D43C2D4E0C410050E72C /* Debug */,
				3482D43D2D4E0C410050E72C /* Release */,
			);
			defaultConfigurationIsVisible = 0;
			defaultConfigurationName = Release;
		};
		3482D43E2D4E0C410050E72C /* Build configuration list for PBXNativeTarget "ReKeeperTests" */ = {
			isa = XCConfigurationList;
			buildConfigurations = (
				3482D43F2D4E0C410050E72C /* Debug */,
				3482D4402D4E0C410050E72C /* Release */,
			);
			defaultConfigurationIsVisible = 0;
			defaultConfigurationName = Release;
		};
		3482D4412D4E0C410050E72C /* Build configuration list for PBXNativeTarget "ReKeeperUITests" */ = {
			isa = XCConfigurationList;
			buildConfigurations = (
				3482D4422D4E0C410050E72C /* Debug */,
				3482D4432D4E0C410050E72C /* Release */,
			);
			defaultConfigurationIsVisible = 0;
			defaultConfigurationName = Release;
		};
/* End XCConfigurationList section */
	};
	rootObject = 3482D40F2D4E0C3D0050E72C /* Project object */;
}
